{
  "lockfile_version": "1",
  "packages": {
    "github:NixOS/nixpkgs/nixpkgs-unstable": {
      "last_modified": "2026-04-23T13:07:47Z",
      "resolved": "github:NixOS/nixpkgs/01fbdeef22b76df85ea168fbfe1bfd9e63681b30?lastModified=1776949667&narHash=sha256-GMSVw35Q%2B294GlrTUKlx087E31z7KurReQ1YHSKp5iw%3D"
    },
    "quarkus@latest": {
      "last_modified": "2026-04-16T08:46:55Z",
      "resolved": "github:NixOS/nixpkgs/b86751bc4085f48661017fa226dee99fab6c651b#quarkus",
      "source": "devbox-search",
      "version": "3.32.4",
      "systems": {
        "aarch64-darwin": {
          "outputs": [
            {
              "name": "out",
              "path": "/nix/store/vjj1fwplf1a93n4lpjc4fyi6adgr526a-quarkus-cli-3.32.4",
              "default": true
            }
          ],
          "store_path": "/nix/store/vjj1fwplf1a93n4lpjc4fyi6adgr526a-quarkus-cli-3.32.4"
        },
        "aarch64-linux": {
          "outputs": [
            {
              "name": "out",
              "path": "/nix/store/mwzm1dp99i6kvn4wg9b57icccfm2fcky-quarkus-cli-3.32.4",
              "default": true
            }
          ],
          "store_path": "/nix/store/mwzm1dp99i6kvn4wg9b57icccfm2fcky-quarkus-cli-3.32.4"
        },
        "x86_64-darwin": {
          "outputs": [
            {
              "name": "out",
              "path": "/nix/store/mq3cqg8n3zc73ypzdwi566qym2ib1707-quarkus-cli-3.32.4",
              "default": true
            }
          ],
          "store_path": "/nix/store/mq3cqg8n3zc73ypzdwi566qym2ib1707-quarkus-cli-3.32.4"
        },
        "x86_64-linux": {
          "outputs": [
            {
              "name": "out",
              "path": "/nix/store/8p30hgwysny16j6j4j97s6dyb6ca8nd9-quarkus-cli-3.32.4",
              "default": true
            }
          ],
          "store_path": "/nix/store/8p30hgwysny16j6j4j97s6dyb6ca8nd9-quarkus-cli-3.32.4"
        }
      }
    }
  }
}
